# @generated by Move, please check-in and do not edit manually.

[move]
version = 2
manifest_digest = "7D37433E1BA32A6FC644D4A87438572F26AADFBC7C404629767576EC6DEF5FA6"
deps_digest = "F8BBB0CCB2491CA29A3DF03D6F92277A4F3574266507ACD77214D37ECA3F3082"
dependencies = [
  { name = "Sui" },
]

[[move.package]]
name = "MoveStdlib"
source = { git = "https://github.com/MystenLabs/sui.git", rev = "framework/testnet", subdir = "crates/sui-framework/packages/move-stdlib" }

[[move.package]]
name = "Sui"
source = { git = "https://github.com/MystenLabs/sui.git", rev = "framework/testnet", subdir = "crates/sui-framework/packages/sui-framework" }

dependencies = [
  { name = "MoveStdlib" },
]

[move.toolchain-version]
compiler-version = "1.26.1"
edition = "legacy"
flavor = "sui"

[env]

[env.devnet]
chain-id = "b3f81552"
original-published-id = "0x017ecce443c3b2af749970f549ce8d7da696e3657043698eadc549f8add21dc8"
latest-published-id = "0x017ecce443c3b2af749970f549ce8d7da696e3657043698eadc549f8add21dc8"
published-version = "1"

[env.localnet_proxy]
chain-id = "5860a87e"
original-published-id = "0xb9e94b3b53368cdca6b4a57bb95d13d8b948e2750776080cba97f54db351f4a0"
latest-published-id = "0xb9e94b3b53368cdca6b4a57bb95d13d8b948e2750776080cba97f54db351f4a0"
published-version = "1"

[env.testnet]
chain-id = "4c78adac"
original-published-id = "0x299e208780e93091456a2a3ab589fd7c0ad678bc754af92440514bf90a0a4f81"
latest-published-id = "0x299e208780e93091456a2a3ab589fd7c0ad678bc754af92440514bf90a0a4f81"
published-version = "1"
